lockfileVersion: '9.0'

settings:
  autoInstallPeers: true
  excludeLinksFromLockfile: false

importers:

  .:
    dependencies:
      '@mcbe-mods/discover':
        specifier: 1.0.0-beta.3
        version: 1.0.0-beta.3(@minecraft/server@1.18.0(@minecraft/vanilla-data@1.26.21))
      '@mcbe-mods/rpc':
        specifier: 1.0.0-beta.0
        version: 1.0.0-beta.0(@minecraft/server@1.18.0(@minecraft/vanilla-data@1.26.21))
      '@minecraft/server':
        specifier: 1.18.0
        version: 1.18.0(@minecraft/vanilla-data@1.26.21)

packages:

  '@mcbe-mods/bedrock-url@1.0.0-beta.0':
    resolution: {integrity: sha512-VjsdmcfuOzsKO3Y9gHHCL4UQx7RMa9TbijIGSMzRMr/Fyx8TIood6RddeSPmS0RCwMi+y2DNYVerrmOCuf0gsQ==}

  '@mcbe-mods/bedrock-url@1.0.0-beta.3':
    resolution: {integrity: sha512-is9oqYQyelLD4Im1qXEgaLi3OVULiOcRc4xePt7A+SQJI6C8MQIJWZQiQ855rFrrBp1pv7JWkvoxtiAL/0UKrg==}

  '@mcbe-mods/discover@1.0.0-beta.3':
    resolution: {integrity: sha512-cRS7UVjBSGecj5Lru+BottzElZJc7EphlJdRbi8Tf6IegJJsszZaZTBWqFfzF9DJi5TEkFzzeniD/qng0cNPUg==}
    peerDependencies:
      '@minecraft/server': '>=1.18.0'

  '@mcbe-mods/log@1.0.0-beta.0':
    resolution: {integrity: sha512-zc7oL0w9DlubctohKgFB6ciYpJkr9Q1HAwFX1IG8ypXWXOlTbFB1EPN/fZJ7Im4FMgMzPkvwjapzeqPGjT8Quw==}

  '@mcbe-mods/log@1.0.0-beta.3':
    resolution: {integrity: sha512-FBrTE97nNzDc6AW/Op+PdTcXShCdTMHjdWLkIe8Ft7ssgQ4Jp96rk6ayVYqIIUBBThG0hg89QEpMbMtZUcxMYQ==}

  '@mcbe-mods/protocol@1.0.0-beta.0':
    resolution: {integrity: sha512-zN2C6vECL1TVvX0sk+ivasSlEVnVWNM37Z4Yu5axyzqeXWJq/08axFj37m4+OgrmeyB42QjnItdNy7X2j1sytA==}
    peerDependencies:
      '@minecraft/server': '>=1.18.0'

  '@mcbe-mods/protocol@1.0.0-beta.3':
    resolution: {integrity: sha512-gU64tKKuLnFTigaSvF41M154VywAb73Ik9a6pSftRdtbPCURiRxxbPSQcUlwdRDBeOv81Lktj81e7iaXgEROsg==}
    peerDependencies:
      '@minecraft/server': '>=1.18.0'

  '@mcbe-mods/rpc@1.0.0-beta.0':
    resolution: {integrity: sha512-uTEtuiBgf34jR3Eop+AXoUKz9yVBjzjTP1W/ppvovQwGN2UwIA3GEC63sXqJFAjsMadpLOgFZSmBmgzk2dykjQ==}
    peerDependencies:
      '@minecraft/server': '>=1.18.0'

  '@mcbe-mods/utils@1.0.0-beta.0':
    resolution: {integrity: sha512-RxF7UcYIiKHDEbZC5ZDZjorUvkq0/KyxnkEpTb5aSPSLVE8rmruuxbe/xUlbEDm/fLHNry7JFvygaU8XqCiN8w==}
    peerDependencies:
      '@minecraft/server': '>=1.18.0'

  '@mcbe-mods/utils@1.0.0-beta.3':
    resolution: {integrity: sha512-cqrzi9zuBs34DYS2X3tbJsV9v91nf3cH/Uqa+rYtWMZ10ouyKKwOse3rIg/iV7tnK2SleQccE0CYoaQVHW6Y6Q==}
    peerDependencies:
      '@minecraft/server': '>=1.18.0'

  '@minecraft/common@1.3.0':
    resolution: {integrity: sha512-GLT8USFhvEyeTTFHZAgszbrnoT007hmXmK+aO4l+2A1up9/zwZ+4e8R8F0KcKrCWDjLEqkOJtPow0hQCcNJ++Q==}

  '@minecraft/server@1.18.0':
    resolution: {integrity: sha512-X3HKKezj3ZeUCBay6FJOtUq56rq8fnYRpgKaW7PgRcOJyIaLatuq/Ml01mQdUtxlKdMxZdkDS3w0SnENVfaudA==}
    peerDependencies:
      '@minecraft/vanilla-data': '>=1.20.70'

  '@minecraft/vanilla-data@1.26.21':
    resolution: {integrity: sha512-bDmqSIjZBoaChpAdK2H3SVzhIod4/kXwY+viEA3AgftAbda1X1dkjMiBbxZcmwzRrVwT9embIB3zsEkYn1rSNA==}

  tinydateformat2@1.0.0:
    resolution: {integrity: sha512-gXGgqEOSwGUO7H71fM8/UaGx9+6S2gfvQTjlnKR3OGVGL+upPo6m8Nd28kGagkL+9xD7GPzT9/hDw2w0LepBMQ==}

snapshots:

  '@mcbe-mods/bedrock-url@1.0.0-beta.0': {}

  '@mcbe-mods/bedrock-url@1.0.0-beta.3': {}

  '@mcbe-mods/discover@1.0.0-beta.3(@minecraft/server@1.18.0(@minecraft/vanilla-data@1.26.21))':
    dependencies:
      '@mcbe-mods/bedrock-url': 1.0.0-beta.3
      '@mcbe-mods/log': 1.0.0-beta.3
      '@mcbe-mods/protocol': 1.0.0-beta.3(@minecraft/server@1.18.0(@minecraft/vanilla-data@1.26.21))
      '@mcbe-mods/utils': 1.0.0-beta.3(@minecraft/server@1.18.0(@minecraft/vanilla-data@1.26.21))
      '@minecraft/server': 1.18.0(@minecraft/vanilla-data@1.26.21)

  '@mcbe-mods/log@1.0.0-beta.0':
    dependencies:
      tinydateformat2: 1.0.0

  '@mcbe-mods/log@1.0.0-beta.3':
    dependencies:
      tinydateformat2: 1.0.0

  '@mcbe-mods/protocol@1.0.0-beta.0(@minecraft/server@1.18.0(@minecraft/vanilla-data@1.26.21))':
    dependencies:
      '@mcbe-mods/bedrock-url': 1.0.0-beta.0
      '@mcbe-mods/log': 1.0.0-beta.0
      '@minecraft/server': 1.18.0(@minecraft/vanilla-data@1.26.21)

  '@mcbe-mods/protocol@1.0.0-beta.3(@minecraft/server@1.18.0(@minecraft/vanilla-data@1.26.21))':
    dependencies:
      '@mcbe-mods/bedrock-url': 1.0.0-beta.3
      '@mcbe-mods/log': 1.0.0-beta.3
      '@minecraft/server': 1.18.0(@minecraft/vanilla-data@1.26.21)

  '@mcbe-mods/rpc@1.0.0-beta.0(@minecraft/server@1.18.0(@minecraft/vanilla-data@1.26.21))':
    dependencies:
      '@mcbe-mods/bedrock-url': 1.0.0-beta.0
      '@mcbe-mods/log': 1.0.0-beta.0
      '@mcbe-mods/protocol': 1.0.0-beta.0(@minecraft/server@1.18.0(@minecraft/vanilla-data@1.26.21))
      '@mcbe-mods/utils': 1.0.0-beta.0(@minecraft/server@1.18.0(@minecraft/vanilla-data@1.26.21))
      '@minecraft/server': 1.18.0(@minecraft/vanilla-data@1.26.21)

  '@mcbe-mods/utils@1.0.0-beta.0(@minecraft/server@1.18.0(@minecraft/vanilla-data@1.26.21))':
    dependencies:
      '@minecraft/server': 1.18.0(@minecraft/vanilla-data@1.26.21)

  '@mcbe-mods/utils@1.0.0-beta.3(@minecraft/server@1.18.0(@minecraft/vanilla-data@1.26.21))':
    dependencies:
      '@minecraft/server': 1.18.0(@minecraft/vanilla-data@1.26.21)

  '@minecraft/common@1.3.0': {}

  '@minecraft/server@1.18.0(@minecraft/vanilla-data@1.26.21)':
    dependencies:
      '@minecraft/common': 1.3.0
      '@minecraft/vanilla-data': 1.26.21

  '@minecraft/vanilla-data@1.26.21': {}

  tinydateformat2@1.0.0: {}
